// !$*UTF8*$!
{
	archiveVersion = 1;
	classes = {
	};
	objectVersion = 46;
	objects = {

/* Begin PBXBuildFile section */
		09D677501AD5EE9D00CC0746 /* main.m in Sources */ = {isa = PBXBuildFile; fileRef = 09D6774F1AD5EE9D00CC0746 /* main.m */; };
		09D677531AD5EE9D00CC0746 /* AppDelegate.m in Sources */ = {isa = PBXBuildFile; fileRef = 09D677521AD5EE9D00CC0746 /* AppDelegate.m */; };
		09D677561AD5EE9D00CC0746 /* ViewController.m in Sources */ = {isa = PBXBuildFile; fileRef = 09D677551AD5EE9D00CC0746 /* ViewController.m */; };
		09D677591AD5EE9D00CC0746 /* Main.storyboard in Resources */ = {isa = PBXBuildFile; fileRef = 09D677571AD5EE9D00CC0746 /* Main.storyboard */; };
		09D6775B1AD5EE9D00CC0746 /* Images.xcassets in Resources */ = {isa = PBXBuildFile; fileRef = 09D6775A1AD5EE9D00CC0746 /* Images.xcassets */; };
		09D6775E1AD5EE9D00CC0746 /* LaunchScreen.xib in Resources */ = {isa = PBXBuildFile; fileRef = 09D6775C1AD5EE9D00CC0746 /* LaunchScreen.xib */; };
		09D6776A1AD5EE9D00CC0746 /* TYSimplePopoverDemoTests.m in Sources */ = {isa = PBXBuildFile; fileRef = 09D677691AD5EE9D00CC0746 /* TYSimplePopoverDemoTests.m */; };
		09D677751AD5EECC00CC0746 /* TYSimplePopoverViewController.m in Sources */ = {isa = PBXBuildFile; fileRef = 09D677741AD5EECC00CC0746 /* TYSimplePopoverViewController.m */; };
/* End PBXBuildFile section */

/* Begin PBXContainerItemProxy section */
		09D677641AD5EE9D00CC0746 /* PBXContainerItemProxy */ = {
			isa = PBXContainerItemProxy;
			containerPortal = 09D677421AD5EE9D00CC0746 /* Project object */;
			proxyType = 1;
			remoteGlobalIDString = 09D677491AD5EE9D00CC0746;
			remoteInfo = TYSimplePopoverDemo;
		};
/* End PBXContainerItemProxy section */

/* Begin PBXFileReference section */
		09D6774A1AD5EE9D00CC0746 /* TYSimplePopoverDemo.app */ = {isa = PBXFileReference; explicitFileType = wrapper.application; includeInIndex = 0; path = TYSimplePopoverDemo.app; sourceTree = BUILT_PRODUCTS_DIR; };
		09D6774E1AD5EE9D00CC0746 /* Info.plist */ = {isa = PBXFileReference; lastKnownFileType = text.plist.xml; path = Info.plist; sourceTree = "<group>"; };
		09D6774F1AD5EE9D00CC0746 /* main.m */ = {isa = PBXFileReference; lastKnownFileType = sourcecode.c.objc; path = main.m; sourceTree = "<group>"; };
		09D677511AD5EE9D00CC0746 /* AppDelegate.h */ = {isa = PBXFileReference; lastKnownFileType = sourcecode.c.h; path = AppDelegate.h; sourceTree = "<group>"; };
		09D677521AD5EE9D00CC0746 /* AppDelegate.m */ = {isa = PBXFileReference; lastKnownFileType = sourcecode.c.objc; path = AppDelegate.m; sourceTree = "<group>"; };
		09D677541AD5EE9D00CC0746 /* ViewController.h */ = {isa = PBXFileReference; lastKnownFileType = sourcecode.c.h; path = ViewController.h; sourceTree = "<group>"; };
		09D677551AD5EE9D00CC0746 /* ViewController.m */ = {isa = PBXFileReference; lastKnownFileType = sourcecode.c.objc; path = ViewController.m; sourceTree = "<group>"; };
		09D677581AD5EE9D00CC0746 /* Base */ = {isa = PBXFileReference; lastKnownFileType = file.storyboard; name = Base; path = Base.lproj/Main.storyboard; sourceTree = "<group>"; };
		09D6775A1AD5EE9D00CC0746 /* Images.xcassets */ = {isa = PBXFileReference; lastKnownFileType = folder.assetcatalog; path = Images.xcassets; sourceTree = "<group>"; };
		09D6775D1AD5EE9D00CC0746 /* Base */ = {isa = PBXFileReference; lastKnownFileType = file.xib; name = Base; path = Base.lproj/LaunchScreen.xib; sourceTree = "<group>"; };
		09D677631AD5EE9D00CC0746 /* TYSimplePopoverDemoTests.xctest */ = {isa = PBXFileReference; explicitFileType = wrapper.cfbundle; includeInIndex = 0; path = TYSimplePopoverDemoTests.xctest; sourceTree = BUILT_PRODUCTS_DIR; };
		09D677681AD5EE9D00CC0746 /* Info.plist */ = {isa = PBXFileReference; lastKnownFileType = text.plist.xml; path = Info.plist; sourceTree = "<group>"; };
		09D677691AD5EE9D00CC0746 /* TYSimplePopoverDemoTests.m */ = {isa = PBXFileReference; lastKnownFileType = sourcecode.c.objc; path = TYSimplePopoverDemoTests.m; sourceTree = "<group>"; };
		09D677731AD5EECC00CC0746 /* TYSimplePopoverViewController.h */ = {isa = PBXFileReference; fileEncoding = 4; lastKnownFileType = sourcecode.c.h; path = TYSimplePopoverViewController.h; sourceTree = "<group>"; };
		09D677741AD5EECC00CC0746 /* TYSimplePopoverViewController.m */ = {isa = PBXFileReference; fileEncoding = 4; lastKnownFileType = sourcecode.c.objc; path = TYSimplePopoverViewController.m; sourceTree = "<group>"; };
/* End PBXFileReference section */

/* Begin PBXFrameworksBuildPhase section */
		09D677471AD5EE9D00CC0746 /* Frameworks */ = {
			isa = PBXFrameworksBuildPhase;
			buildActionMask = 2147483647;
			files = (
			);
			runOnlyForDeploymentPostprocessing = 0;
		};
		09D677601AD5EE9D00CC0746 /* Frameworks */ = {
			isa = PBXFrameworksBuildPhase;
			buildActionMask = 2147483647;
			files = (
			);
			runOnlyForDeploymentPostprocessing = 0;
		};
/* End PBXFrameworksBuildPhase section */

/* Begin PBXGroup section */
		09D677411AD5EE9D00CC0746 = {
			isa = PBXGroup;
			children = (
				09D6774C1AD5EE9D00CC0746 /* TYSimplePopoverDemo */,
				09D677661AD5EE9D00CC0746 /* TYSimplePopoverDemoTests */,
				09D6774B1AD5EE9D00CC0746 /* Products */,
			);
			sourceTree = "<group>";
		};
		09D6774B1AD5EE9D00CC0746 /* Products */ = {
			isa = PBXGroup;
			children = (
				09D6774A1AD5EE9D00CC0746 /* TYSimplePopoverDemo.app */,
				09D677631AD5EE9D00CC0746 /* TYSimplePopoverDemoTests.xctest */,
			);
			name = Products;
			sourceTree = "<group>";
		};
		09D6774C1AD5EE9D00CC0746 /* TYSimplePopoverDemo */ = {
			isa = PBXGroup;
			children = (
				09D677511AD5EE9D00CC0746 /* AppDelegate.h */,
				09D677521AD5EE9D00CC0746 /* AppDelegate.m */,
				09D677541AD5EE9D00CC0746 /* ViewController.h */,
				09D677551AD5EE9D00CC0746 /* ViewController.m */,
				09D677731AD5EECC00CC0746 /* TYSimplePopoverViewController.h */,
				09D677741AD5EECC00CC0746 /* TYSimplePopoverViewController.m */,
				09D677571AD5EE9D00CC0746 /* Main.storyboard */,
				09D6775A1AD5EE9D00CC0746 /* Images.xcassets */,
				09D6775C1AD5EE9D00CC0746 /* LaunchScreen.xib */,
				09D6774D1AD5EE9D00CC0746 /* Supporting Files */,
			);
			path = TYSimplePopoverDemo;
			sourceTree = "<group>";
		};
		09D6774D1AD5EE9D00CC0746 /* Supporting Files */ = {
			isa = PBXGroup;
			children = (
				09D6774E1AD5EE9D00CC0746 /* Info.plist */,
				09D6774F1AD5EE9D00CC0746 /* main.m */,
			);
			name = "Supporting Files";
			sourceTree = "<group>";
		};
		09D677661AD5EE9D00CC0746 /* TYSimplePopoverDemoTests */ = {
			isa = PBXGroup;
			children = (
				09D677691AD5EE9D00CC0746 /* TYSimplePopoverDemoTests.m */,
				09D677671AD5EE9D00CC0746 /* Supporting Files */,
			);
			path = TYSimplePopoverDemoTests;
			sourceTree = "<group>";
		};
		09D677671AD5EE9D00CC0746 /* Supporting Files */ = {
			isa = PBXGroup;
			children = (
				09D677681AD5EE9D00CC0746 /* Info.plist */,
			);
			name = "Supporting Files";
			sourceTree = "<group>";
		};
/* End PBXGroup section */

/* Begin PBXNativeTarget section */
		09D677491AD5EE9D00CC0746 /* TYSimplePopoverDemo */ = {
			isa = PBXNativeTarget;
			buildConfigurationList = 09D6776D1AD5EE9D00CC0746 /* Build configuration list for PBXNativeTarget "TYSimplePopoverDemo" */;
			buildPhases = (
				09D677461AD5EE9D00CC0746 /* Sources */,
				09D677471AD5EE9D00CC0746 /* Frameworks */,
				09D677481AD5EE9D00CC0746 /* Resources */,
			);
			buildRules = (
			);
			dependencies = (
			);
			name = TYSimplePopoverDemo;
			productName = TYSimplePopoverDemo;
			productReference = 09D6774A1AD5EE9D00CC0746 /* TYSimplePopoverDemo.app */;
			productType = "com.apple.product-type.application";
		};
		09D677621AD5EE9D00CC0746 /* TYSimplePopoverDemoTests */ = {
			isa = PBXNativeTarget;
			buildConfigurationList = 09D677701AD5EE9D00CC0746 /* Build configuration list for PBXNativeTarget "TYSimplePopoverDemoTests" */;
			buildPhases = (
				09D6775F1AD5EE9D00CC0746 /* Sources */,
				09D677601AD5EE9D00CC0746 /* Frameworks */,
				09D677611AD5EE9D00CC0746 /* Resources */,
			);
			buildRules = (
			);
			dependencies = (
				09D677651AD5EE9D00CC0746 /* PBXTargetDependency */,
			);
			name = TYSimplePopoverDemoTests;
			productName = TYSimplePopoverDemoTests;
			productReference = 09D677631AD5EE9D00CC0746 /* TYSimplePopoverDemoTests.xctest */;
			productType = "com.apple.product-type.bundle.unit-test";
		};
/* End PBXNativeTarget section */

/* Begin PBXProject section */
		09D677421AD5EE9D00CC0746 /* Project object */ = {
			isa = PBXProject;
			attributes = {
				LastUpgradeCheck = 0620;
				ORGANIZATIONNAME = "Timy Studio";
				TargetAttributes = {
					09D677491AD5EE9D00CC0746 = {
						CreatedOnToolsVersion = 6.2;
					};
					09D677621AD5EE9D00CC0746 = {
						CreatedOnToolsVersion = 6.2;
						TestTargetID = 09D677491AD5EE9D00CC0746;
					};
				};
			};
			buildConfigurationList = 09D677451AD5EE9D00CC0746 /* Build configuration list for PBXProject "TYSimplePopoverDemo" */;
			compatibilityVersion = "Xcode 3.2";
			developmentRegion = English;
			hasScannedForEncodings = 0;
			knownRegions = (
				en,
				Base,
			);
			mainGroup = 09D677411AD5EE9D00CC0746;
			productRefGroup = 09D6774B1AD5EE9D00CC0746 /* Products */;
			projectDirPath = "";
			projectRoot = "";
			targets = (
				09D677491AD5EE9D00CC0746 /* TYSimplePopoverDemo */,
				09D677621AD5EE9D00CC0746 /* TYSimplePopoverDemoTests */,
			);
		};
/* End PBXProject section */

/* Begin PBXResourcesBuildPhase section */
		09D677481AD5EE9D00CC0746 /* Resources */ = {
			isa = PBXResourcesBuildPhase;
			buildActionMask = 2147483647;
			files = (
				09D677591AD5EE9D00CC0746 /* Main.storyboard in Resources */,
				09D6775E1AD5EE9D00CC0746 /* LaunchScreen.xib in Resources */,
				09D6775B1AD5EE9D00CC0746 /* Images.xcassets in Resources */,
			);
			runOnlyForDeploymentPostprocessing = 0;
		};
		09D677611AD5EE9D00CC0746 /* Resources */ = {
			isa = PBXResourcesBuildPhase;
			buildActionMask = 2147483647;
			files = (
			);
			runOnlyForDeploymentPostprocessing = 0;
		};
/* End PBXResourcesBuildPhase section */

/* Begin PBXSourcesBuildPhase section */
		09D677461AD5EE9D00CC0746 /* Sources */ = {
			isa = PBXSourcesBuildPhase;
			buildActionMask = 2147483647;
			files = (
				09D677561AD5EE9D00CC0746 /* ViewController.m in Sources */,
				09D677531AD5EE9D00CC0746 /* AppDelegate.m in Sources */,
				09D677501AD5EE9D00CC0746 /* main.m in Sources */,
				09D677751AD5EECC00CC0746 /* TYSimplePopoverViewController.m in Sources */,
			);
			runOnlyForDeploymentPostprocessing = 0;
		};
		09D6775F1AD5EE9D00CC0746 /* Sources */ = {
			isa = PBXSourcesBuildPhase;
			buildActionMask = 2147483647;
			files = (
				09D6776A1AD5EE9D00CC0746 /* TYSimplePopoverDemoTests.m in Sources */,
			);
			runOnlyForDeploymentPostprocessing = 0;
		};
/* End PBXSourcesBuildPhase section */

/* Begin PBXTargetDependency section */
		09D677651AD5EE9D00CC0746 /* PBXTargetDependency */ = {
			isa = PBXTargetDependency;
			target = 09D677491AD5EE9D00CC0746 /* TYSimplePopoverDemo */;
			targetProxy = 09D677641AD5EE9D00CC0746 /* PBXContainerItemProxy */;
		};
/* End PBXTargetDependency section */

/* Begin PBXVariantGroup section */
		09D677571AD5EE9D00CC0746 /* Main.storyboard */ = {
			isa = PBXVariantGroup;
			children = (
				09D677581AD5EE9D00CC0746 /* Base */,
			);
			name = Main.storyboard;
			sourceTree = "<group>";
		};
		09D6775C1AD5EE9D00CC0746 /* LaunchScreen.xib */ = {
			isa = PBXVariantGroup;
			children = (
				09D6775D1AD5EE9D00CC0746 /* Base */,
			);
			name = LaunchScreen.xib;
			sourceTree = "<group>";
		};
/* End PBXVariantGroup section */

/* Begin XCBuildConfiguration section */
		09D6776B1AD5EE9D00CC0746 /* Debug */ = {
			isa = XCBuildConfiguration;
			buildSettings = {
				ALWAYS_SEARCH_USER_PATHS = NO;
				CLANG_CXX_LANGUAGE_STANDARD = "gnu++0x";
				CLANG_CXX_LIBRARY = "libc++";
				CLANG_ENABLE_MODULES = YES;
				CLANG_ENABLE_OBJC_ARC = YES;
				CLANG_WARN_BOOL_CONVERSION = YES;
				CLANG_WARN_CONSTANT_CONVERSION = YES;
				CLANG_WARN_DIRECT_OBJC_ISA_USAGE = YES_ERROR;
				CLANG_WARN_EMPTY_BODY = YES;
				CLANG_WARN_ENUM_CONVERSION = YES;
				CLANG_WARN_INT_CONVERSION = YES;
				CLANG_WARN_OBJC_ROOT_CLASS = YES_ERROR;
				CLANG_WARN_UNREACHABLE_CODE = YES;
				CLANG_WARN__DUPLICATE_METHOD_MATCH = YES;
				"CODE_SIGN_IDENTITY[sdk=iphoneos*]" = "iPhone Developer";
				COPY_PHASE_STRIP = NO;
				ENABLE_STRICT_OBJC_MSGSEND = YES;
				GCC_C_LANGUAGE_STANDARD = gnu99;
				GCC_DYNAMIC_NO_PIC = NO;
				GCC_OPTIMIZATION_LEVEL = 0;
				GCC_PREPROCESSOR_DEFINITIONS = (
					"DEBUG=1",
					"$(inherited)",
				);
				GCC_SYMBOLS_PRIVATE_EXTERN = NO;
				GCC_WARN_64_TO_32_BIT_CONVERSION = YES;
				GCC_WARN_ABOUT_RETURN_TYPE = YES_ERROR;
				GCC_WARN_UNDECLARED_SELECTOR = YES;
				GCC_WARN_UNINITIALIZED_AUTOS = YES_AGGRESSIVE;
				GCC_WARN_UNUSED_FUNCTION = YES;
				GCC_WARN_UNUSED_VARIABLE = YES;
				IPHONEOS_DEPLOYMENT_TARGET = 8.2;
				MTL_ENABLE_DEBUG_INFO = YES;
				ONLY_ACTIVE_ARCH = YES;
				SDKROOT = iphoneos;
			};
			name = Debug;
		};
		09D6776C1AD5EE9D00CC0746 /* Release */ = {
			isa = XCBuildConfiguration;
			buildSettings = {
				ALWAYS_SEARCH_USER_PATHS = NO;
				CLANG_CXX_LANGUAGE_STANDARD = "gnu++0x";
				CLANG_CXX_LIBRARY = "libc++";
				CLANG_ENABLE_MODULES = YES;
				CLANG_ENABLE_OBJC_ARC = YES;
				CLANG_WARN_BOOL_CONVERSION = YES;
				CLANG_WARN_CONSTANT_CONVERSION = YES;
				CLANG_WARN_DIRECT_OBJC_ISA_USAGE = YES_ERROR;
				CLANG_WARN_EMPTY_BODY = YES;
				CLANG_WARN_ENUM_CONVERSION = YES;
				CLANG_WARN_INT_CONVERSION = YES;
				CLANG_WARN_OBJC_ROOT_CLASS = YES_ERROR;
				CLANG_WARN_UNREACHABLE_CODE = YES;
				CLANG_WARN__DUPLICATE_METHOD_MATCH = YES;
				"CODE_SIGN_IDENTITY[sdk=iphoneos*]" = "iPhone Developer";
				COPY_PHASE_STRIP = NO;
				ENABLE_NS_ASSERTIONS = NO;
				ENABLE_STRICT_OBJC_MSGSEND = YES;
				GCC_C_LANGUAGE_STANDARD = gnu99;
				GCC_WARN_64_TO_32_BIT_CONVERSION = YES;
				GCC_WARN_ABOUT_RETURN_TYPE = YES_ERROR;
				GCC_WARN_UNDECLARED_SELECTOR = YES;
				GCC_WARN_UNINITIALIZED_AUTOS = YES_AGGRESSIVE;
				GCC_WARN_UNUSED_FUNCTION = YES;
				GCC_WARN_UNUSED_VARIABLE = YES;
				IPHONEOS_DEPLOYMENT_TARGET = 8.2;
				MTL_ENABLE_DEBUG_INFO = NO;
				SDKROOT = iphoneos;
				VALIDATE_PRODUCT = YES;
			};
			name = Release;
		};
		09D6776E1AD5EE9D00CC0746 /* Debug */ = {
			isa = XCBuildConfiguration;
			buildSettings = {
				ASSETCATALOG_COMPILER_APPICON_NAME = AppIcon;
				INFOPLIST_FILE = TYSimplePopoverDemo/Info.plist;
				LD_RUNPATH_SEARCH_PATHS = "$(inherited) @executable_path/Frameworks";
				PRODUCT_NAME = "$(TARGET_NAME)";
			};
			name = Debug;
		};
		09D6776F1AD5EE9D00CC0746 /* Release */ = {
			isa = XCBuildConfiguration;
			buildSettings = {
				ASSETCATALOG_COMPILER_APPICON_NAME = AppIcon;
				INFOPLIST_FILE = TYSimplePopoverDemo/Info.plist;
				LD_RUNPATH_SEARCH_PATHS = "$(inherited) @executable_path/Frameworks";
				PRODUCT_NAME = "$(TARGET_NAME)";
			};
			name = Release;
		};
		09D677711AD5EE9D00CC0746 /* Debug */ = {
			isa = XCBuildConfiguration;
			buildSettings = {
				BUNDLE_LOADER = "$(TEST_HOST)";
				FRAMEWORK_SEARCH_PATHS = (
					"$(SDKROOT)/Developer/Library/Frameworks",
					"$(inherited)",
				);
				GCC_PREPROCESSOR_DEFINITIONS = (
					"DEBUG=1",
					"$(inherited)",
				);
				INFOPLIST_FILE = TYSimplePopoverDemoTests/Info.plist;
				LD_RUNPATH_SEARCH_PATHS = "$(inherited) @executable_path/Frameworks @loader_path/Frameworks";
				PRODUCT_NAME = "$(TARGET_NAME)";
				TEST_HOST = "$(BUILT_PRODUCTS_DIR)/TYSimplePopoverDemo.app/TYSimplePopoverDemo";
			};
			name = Debug;
		};
		09D677721AD5EE9D00CC0746 /* Release */ = {
			isa = XCBuildConfiguration;
			buildSettings = {
				BUNDLE_LOADER = "$(TEST_HOST)";
				FRAMEWORK_SEARCH_PATHS = (
					"$(SDKROOT)/Developer/Library/Frameworks",
					"$(inherited)",
				);
				INFOPLIST_FILE = TYSimplePopoverDemoTests/Info.plist;
				LD_RUNPATH_SEARCH_PATHS = "$(inherited) @executable_path/Frameworks @loader_path/Frameworks";
				PRODUCT_NAME = "$(TARGET_NAME)";
				TEST_HOST = "$(BUILT_PRODUCTS_DIR)/TYSimplePopoverDemo.app/TYSimplePopoverDemo";
			};
			name = Release;
		};
/* End XCBuildConfiguration section */

/* Begin XCConfigurationList section */
		09D677451AD5EE9D00CC0746 /* Build configuration list for PBXProject "TYSimplePopoverDemo" */ = {
			isa = XCConfigurationList;
			buildConfigurations = (
				09D6776B1AD5EE9D00CC0746 /* Debug */,
				09D6776C1AD5EE9D00CC0746 /* Release */,
			);
			defaultConfigurationIsVisible = 0;
			defaultConfigurationName = Release;
		};
		09D6776D1AD5EE9D00CC0746 /* Build configuration list for PBXNativeTarget "TYSimplePopoverDemo" */ = {
			isa = XCConfigurationList;
			buildConfigurations = (
				09D6776E1AD5EE9D00CC0746 /* Debug */,
				09D6776F1AD5EE9D00CC0746 /* Release */,
			);
			defaultConfigurationIsVisible = 0;
		};
		09D677701AD5EE9D00CC0746 /* Build configuration list for PBXNativeTarget "TYSimplePopoverDemoTests" */ = {
			isa = XCConfigurationList;
			buildConfigurations = (
				09D677711AD5EE9D00CC0746 /* Debug */,
				09D677721AD5EE9D00CC0746 /* Release */,
			);
			defaultConfigurationIsVisible = 0;
		};
/* End XCConfigurationList section */
	};
	rootObject = 09D677421AD5EE9D00CC0746 /* Project object */;
}
